
Microsoft Visual Studio Solution File, Format Version 12.00
# Visual Studio Version 16
VisualStudioVersion = 16.0.29215.179
MinimumVisualStudioVersion = 10.0.40219.1
Project("{FAE04EC0-301F-11D3-BF4B-00C04F79EFBC}") = "XamarinIoTApp", "XamarinIoTApp\XamarinIoTApp\XamarinIoTApp.csproj", "{77EDA82D-4BE0-4867-860E-DC5885447813}"
EndProject
Project("{FAE04EC0-301F-11D3-BF4B-00C04F79EFBC}") = "XamarinIoTApp.iOS", "XamarinIoTApp\XamarinIoTApp.iOS\XamarinIoTApp.iOS.csproj", "{98FB0631-B16B-4BA1-B8CD-00EEF4A41E2D}"
EndProject
Project("{FAE04EC0-301F-11D3-BF4B-00C04F79EFBC}") = "XamarinIoTApp.Android", "XamarinIoTApp\XamarinIoTApp.Android\XamarinIoTApp.Android.csproj", "{A40AAE19-5A34-40AE-9D01-70B9808A1A68}"
EndProject
Project("{9A19103F-16F7-4668-BE54-9A1E7A4F7556}") = "XamarinIoTApp.Core", "XamarinIoTApp.Core\XamarinIoTApp.Core.csproj", "{9AC6F45A-E9FB-440B-9735-053ADB3996D4}"
EndProject
Project("{9A19103F-16F7-4668-BE54-9A1E7A4F7556}") = "XamarinIoTApp.Infrastructure", "XamarinIoTApp.Infrastructure\XamarinIoTApp.Infrastructure.csproj", "{4C63C42C-64C7-49E8-9D6F-2E27437AE58E}"
EndProject
Global
	GlobalSection(SolutionConfigurationPlatforms) = preSolution
		Ad-Hoc|Any CPU = Ad-Hoc|Any CPU
		Ad-Hoc|iPhone = Ad-Hoc|iPhone
		Ad-Hoc|iPhoneSimulator = Ad-Hoc|iPhoneSimulator
		AppStore|Any CPU = AppStore|Any CPU
		AppStore|iPhone = AppStore|iPhone
		AppStore|iPhoneSimulator = AppStore|iPhoneSimulator
		Debug|Any CPU = Debug|Any CPU
		Debug|iPhone = Debug|iPhone
		Debug|iPhoneSimulator = Debug|iPhoneSimulator
		Release|Any CPU = Release|Any CPU
		Release|iPhone = Release|iPhone
		Release|iPhoneSimulator = Release|iPhoneSimulator
	EndGlobalSection
	GlobalSection(ProjectConfigurationPlatforms) = postSolution
		{77EDA82D-4BE0-4867-860E-DC5885447813}.Ad-Hoc|Any CPU.ActiveCfg = Release|Any CPU
		{77EDA82D-4BE0-4867-860E-DC5885447813}.Ad-Hoc|Any CPU.Build.0 = Release|Any CPU
		{77EDA82D-4BE0-4867-860E-DC5885447813}.Ad-Hoc|iPhone.ActiveCfg = Debug|Any CPU
		{77EDA82D-4BE0-4867-860E-DC5885447813}.Ad-Hoc|iPhone.Build.0 = Debug|Any CPU
		{77EDA82D-4BE0-4867-860E-DC5885447813}.Ad-Hoc|iPhoneSimulator.ActiveCfg = Release|Any CPU
		{77EDA82D-4BE0-4867-860E-DC5885447813}.Ad-Hoc|iPhoneSimulator.Build.0 = Release|Any CPU
		{77EDA82D-4BE0-4867-860E-DC5885447813}.AppStore|Any CPU.ActiveCfg = Release|Any CPU
		{77EDA82D-4BE0-4867-860E-DC5885447813}.AppStore|Any CPU.Build.0 = Release|Any CPU
		{77EDA82D-4BE0-4867-860E-DC5885447813}.AppStore|iPhone.ActiveCfg = Debug|Any CPU
		{77EDA82D-4BE0-4867-860E-DC5885447813}.AppStore|iPhone.Build.0 = Debug|Any CPU
		{77EDA82D-4BE0-4867-860E-DC5885447813}.AppStore|iPhoneSimulator.ActiveCfg = Release|Any CPU
		{77EDA82D-4BE0-4867-860E-DC5885447813}.AppStore|iPhoneSimulator.Build.0 = Release|Any CPU
		{77EDA82D-4BE0-4867-860E-DC5885447813}.Debug|Any CPU.ActiveCfg = Debug|Any CPU
		{77EDA82D-4BE0-4867-860E-DC5885447813}.Debug|Any CPU.Build.0 = Debug|Any CPU
		{77EDA82D-4BE0-4867-860E-DC5885447813}.Debug|iPhone.ActiveCfg = Debug|Any CPU
		{77EDA82D-4BE0-4867-860E-DC5885447813}.Debug|iPhone.Build.0 = Debug|Any CPU
		{77EDA82D-4BE0-4867-860E-DC5885447813}.Debug|iPhoneSimulator.ActiveCfg = Debug|Any CPU
		{77EDA82D-4BE0-4867-860E-DC5885447813}.Debug|iPhoneSimulator.Build.0 = Debug|Any CPU
		{77EDA82D-4BE0-4867-860E-DC5885447813}.Release|Any CPU.ActiveCfg = Release|Any CPU
		{77EDA82D-4BE0-4867-860E-DC5885447813}.Release|Any CPU.Build.0 = Release|Any CPU
		{77EDA82D-4BE0-4867-860E-DC5885447813}.Release|iPhone.ActiveCfg = Release|Any CPU
		{77EDA82D-4BE0-4867-860E-DC5885447813}.Release|iPhone.Build.0 = Release|Any CPU
		{77EDA82D-4BE0-4867-860E-DC5885447813}.Release|iPhoneSimulator.ActiveCfg = Release|Any CPU
		{77EDA82D-4BE0-4867-860E-DC5885447813}.Release|iPhoneSimulator.Build.0 = Release|Any CPU
		{98FB0631-B16B-4BA1-B8CD-00EEF4A41E2D}.Ad-Hoc|Any CPU.ActiveCfg = Ad-Hoc|iPhoneSimulator
		{98FB0631-B16B-4BA1-B8CD-00EEF4A41E2D}.Ad-Hoc|iPhone.ActiveCfg = Ad-Hoc|iPhone
		{98FB0631-B16B-4BA1-B8CD-00EEF4A41E2D}.Ad-Hoc|iPhone.Build.0 = Ad-Hoc|iPhone
		{98FB0631-B16B-4BA1-B8CD-00EEF4A41E2D}.Ad-Hoc|iPhoneSimulator.ActiveCfg = Ad-Hoc|iPhoneSimulator
		{98FB0631-B16B-4BA1-B8CD-00EEF4A41E2D}.Ad-Hoc|iPhoneSimulator.Build.0 = Ad-Hoc|iPhoneSimulator
		{98FB0631-B16B-4BA1-B8CD-00EEF4A41E2D}.AppStore|Any CPU.ActiveCfg = AppStore|iPhoneSimulator
		{98FB0631-B16B-4BA1-B8CD-00EEF4A41E2D}.AppStore|iPhone.ActiveCfg = AppStore|iPhone
		{98FB0631-B16B-4BA1-B8CD-00EEF4A41E2D}.AppStore|iPhone.Build.0 = AppStore|iPhone
		{98FB0631-B16B-4BA1-B8CD-00EEF4A41E2D}.AppStore|iPhoneSimulator.ActiveCfg = AppStore|iPhoneSimulator
		{98FB0631-B16B-4BA1-B8CD-00EEF4A41E2D}.AppStore|iPhoneSimulator.Build.0 = AppStore|iPhoneSimulator
		{98FB0631-B16B-4BA1-B8CD-00EEF4A41E2D}.Debug|Any CPU.ActiveCfg = Debug|iPhoneSimulator
		{98FB0631-B16B-4BA1-B8CD-00EEF4A41E2D}.Debug|Any CPU.Build.0 = Debug|iPhoneSimulator
		{98FB0631-B16B-4BA1-B8CD-00EEF4A41E2D}.Debug|iPhone.ActiveCfg = Debug|iPhone
		{98FB0631-B16B-4BA1-B8CD-00EEF4A41E2D}.Debug|iPhone.Build.0 = Debug|iPhone
		{98FB0631-B16B-4BA1-B8CD-00EEF4A41E2D}.Debug|iPhoneSimulator.ActiveCfg = Debug|iPhoneSimulator
		{98FB0631-B16B-4BA1-B8CD-00EEF4A41E2D}.Debug|iPhoneSimulator.Build.0 = Debug|iPhoneSimulator
		{98FB0631-B16B-4BA1-B8CD-00EEF4A41E2D}.Release|Any CPU.ActiveCfg = Release|iPhoneSimulator
		{98FB0631-B16B-4BA1-B8CD-00EEF4A41E2D}.Release|Any CPU.Build.0 = Release|iPhoneSimulator
		{98FB0631-B16B-4BA1-B8CD-00EEF4A41E2D}.Release|iPhone.ActiveCfg = Release|iPhone
		{98FB0631-B16B-4BA1-B8CD-00EEF4A41E2D}.Release|iPhone.Build.0 = Release|iPhone
		{98FB0631-B16B-4BA1-B8CD-00EEF4A41E2D}.Release|iPhoneSimulator.ActiveCfg = Release|iPhoneSimulator
		{98FB0631-B16B-4BA1-B8CD-00EEF4A41E2D}.Release|iPhoneSimulator.Build.0 = Release|iPhoneSimulator
		{A40AAE19-5A34-40AE-9D01-70B9808A1A68}.Ad-Hoc|Any CPU.ActiveCfg = Debug|Any CPU
		{A40AAE19-5A34-40AE-9D01-70B9808A1A68}.Ad-Hoc|Any CPU.Build.0 = Debug|Any CPU
		{A40AAE19-5A34-40AE-9D01-70B9808A1A68}.Ad-Hoc|Any CPU.Deploy.0 = Debug|Any CPU
		{A40AAE19-5A34-40AE-9D01-70B9808A1A68}.Ad-Hoc|iPhone.ActiveCfg = Release|Any CPU
		{A40AAE19-5A34-40AE-9D01-70B9808A1A68}.Ad-Hoc|iPhone.Build.0 = Release|Any CPU
		{A40AAE19-5A34-40AE-9D01-70B9808A1A68}.Ad-Hoc|iPhoneSimulator.ActiveCfg = Debug|Any CPU
		{A40AAE19-5A34-40AE-9D01-70B9808A1A68}.Ad-Hoc|iPhoneSimulator.Build.0 = Debug|Any CPU
		{A40AAE19-5A34-40AE-9D01-70B9808A1A68}.Ad-Hoc|iPhoneSimulator.Deploy.0 = Debug|Any CPU
		{A40AAE19-5A34-40AE-9D01-70B9808A1A68}.AppStore|Any CPU.ActiveCfg = Debug|Any CPU
		{A40AAE19-5A34-40AE-9D01-70B9808A1A68}.AppStore|Any CPU.Build.0 = Debug|Any CPU
		{A40AAE19-5A34-40AE-9D01-70B9808A1A68}.AppStore|Any CPU.Deploy.0 = Debug|Any CPU
		{A40AAE19-5A34-40AE-9D01-70B9808A1A68}.AppStore|iPhone.ActiveCfg = Release|Any CPU
		{A40AAE19-5A34-40AE-9D01-70B9808A1A68}.AppStore|iPhone.Build.0 = Release|Any CPU
		{A40AAE19-5A34-40AE-9D01-70B9808A1A68}.AppStore|iPhoneSimulator.ActiveCfg = Debug|Any CPU
		{A40AAE19-5A34-40AE-9D01-70B9808A1A68}.AppStore|iPhoneSimulator.Build.0 = Debug|Any CPU
		{A40AAE19-5A34-40AE-9D01-70B9808A1A68}.AppStore|iPhoneSimulator.Deploy.0 = Debug|Any CPU
		{A40AAE19-5A34-40AE-9D01-70B9808A1A68}.Debug|Any CPU.ActiveCfg = Debug|Any CPU
		{A40AAE19-5A34-40AE-9D01-70B9808A1A68}.Debug|Any CPU.Build.0 = Debug|Any CPU
		{A40AAE19-5A34-40AE-9D01-70B9808A1A68}.Debug|iPhone.ActiveCfg = Debug|Any CPU
		{A40AAE19-5A34-40AE-9D01-70B9808A1A68}.Debug|iPhone.Build.0 = Debug|Any CPU
		{A40AAE19-5A34-40AE-9D01-70B9808A1A68}.Debug|iPhoneSimulator.ActiveCfg = Debug|Any CPU
		{A40AAE19-5A34-40AE-9D01-70B9808A1A68}.Debug|iPhoneSimulator.Build.0 = Debug|Any CPU
		{A40AAE19-5A34-40AE-9D01-70B9808A1A68}.Release|Any CPU.ActiveCfg = Release|Any CPU
		{A40AAE19-5A34-40AE-9D01-70B9808A1A68}.Release|Any CPU.Build.0 = Release|Any CPU
		{A40AAE19-5A34-40AE-9D01-70B9808A1A68}.Release|iPhone.ActiveCfg = Release|Any CPU
		{A40AAE19-5A34-40AE-9D01-70B9808A1A68}.Release|iPhone.Build.0 = Release|Any CPU
		{A40AAE19-5A34-40AE-9D01-70B9808A1A68}.Release|iPhoneSimulator.ActiveCfg = Release|Any CPU
		{A40AAE19-5A34-40AE-9D01-70B9808A1A68}.Release|iPhoneSimulator.Build.0 = Release|Any CPU
		{9AC6F45A-E9FB-440B-9735-053ADB3996D4}.Ad-Hoc|Any CPU.ActiveCfg = Debug|Any CPU
		{9AC6F45A-E9FB-440B-9735-053ADB3996D4}.Ad-Hoc|Any CPU.Build.0 = Debug|Any CPU
		{9AC6F45A-E9FB-440B-9735-053ADB3996D4}.Ad-Hoc|iPhone.ActiveCfg = Release|Any CPU
		{9AC6F45A-E9FB-440B-9735-053ADB3996D4}.Ad-Hoc|iPhone.Build.0 = Release|Any CPU
		{9AC6F45A-E9FB-440B-9735-053ADB3996D4}.Ad-Hoc|iPhoneSimulator.ActiveCfg = Debug|Any CPU
		{9AC6F45A-E9FB-440B-9735-053ADB3996D4}.Ad-Hoc|iPhoneSimulator.Build.0 = Debug|Any CPU
		{9AC6F45A-E9FB-440B-9735-053ADB3996D4}.AppStore|Any CPU.ActiveCfg = Debug|Any CPU
		{9AC6F45A-E9FB-440B-9735-053ADB3996D4}.AppStore|Any CPU.Build.0 = Debug|Any CPU
		{9AC6F45A-E9FB-440B-9735-053ADB3996D4}.AppStore|iPhone.ActiveCfg = Release|Any CPU
		{9AC6F45A-E9FB-440B-9735-053ADB3996D4}.AppStore|iPhone.Build.0 = Release|Any CPU
		{9AC6F45A-E9FB-440B-9735-053ADB3996D4}.AppStore|iPhoneSimulator.ActiveCfg = Debug|Any CPU
		{9AC6F45A-E9FB-440B-9735-053ADB3996D4}.AppStore|iPhoneSimulator.Build.0 = Debug|Any CPU
		{9AC6F45A-E9FB-440B-9735-053ADB3996D4}.Debug|Any CPU.ActiveCfg = Debug|Any CPU
		{9AC6F45A-E9FB-440B-9735-053ADB3996D4}.Debug|Any CPU.Build.0 = Debug|Any CPU
		{9AC6F45A-E9FB-440B-9735-053ADB3996D4}.Debug|iPhone.ActiveCfg = Debug|Any CPU
		{9AC6F45A-E9FB-440B-9735-053ADB3996D4}.Debug|iPhone.Build.0 = Debug|Any CPU
		{9AC6F45A-E9FB-440B-9735-053ADB3996D4}.Debug|iPhoneSimulator.ActiveCfg = Debug|Any CPU
		{9AC6F45A-E9FB-440B-9735-053ADB3996D4}.Debug|iPhoneSimulator.Build.0 = Debug|Any CPU
		{9AC6F45A-E9FB-440B-9735-053ADB3996D4}.Release|Any CPU.ActiveCfg = Release|Any CPU
		{9AC6F45A-E9FB-440B-9735-053ADB3996D4}.Release|Any CPU.Build.0 = Release|Any CPU
		{9AC6F45A-E9FB-440B-9735-053ADB3996D4}.Release|iPhone.ActiveCfg = Release|Any CPU
		{9AC6F45A-E9FB-440B-9735-053ADB3996D4}.Release|iPhone.Build.0 = Release|Any CPU
		{9AC6F45A-E9FB-440B-9735-053ADB3996D4}.Release|iPhoneSimulator.ActiveCfg = Release|Any CPU
		{9AC6F45A-E9FB-440B-9735-053ADB3996D4}.Release|iPhoneSimulator.Build.0 = Release|Any CPU
		{4C63C42C-64C7-49E8-9D6F-2E27437AE58E}.Ad-Hoc|Any CPU.ActiveCfg = Debug|Any CPU
		{4C63C42C-64C7-49E8-9D6F-2E27437AE58E}.Ad-Hoc|Any CPU.Build.0 = Debug|Any CPU
		{4C63C42C-64C7-49E8-9D6F-2E27437AE58E}.Ad-Hoc|iPhone.ActiveCfg = Release|Any CPU
		{4C63C42C-64C7-49E8-9D6F-2E27437AE58E}.Ad-Hoc|iPhone.Build.0 = Release|Any CPU
		{4C63C42C-64C7-49E8-9D6F-2E27437AE58E}.Ad-Hoc|iPhoneSimulator.ActiveCfg = Debug|Any CPU
		{4C63C42C-64C7-49E8-9D6F-2E27437AE58E}.Ad-Hoc|iPhoneSimulator.Build.0 = Debug|Any CPU
		{4C63C42C-64C7-49E8-9D6F-2E27437AE58E}.AppStore|Any CPU.ActiveCfg = Debug|Any CPU
		{4C63C42C-64C7-49E8-9D6F-2E27437AE58E}.AppStore|Any CPU.Build.0 = Debug|Any CPU
		{4C63C42C-64C7-49E8-9D6F-2E27437AE58E}.AppStore|iPhone.ActiveCfg = Release|Any CPU
		{4C63C42C-64C7-49E8-9D6F-2E27437AE58E}.AppStore|iPhone.Build.0 = Release|Any CPU
		{4C63C42C-64C7-49E8-9D6F-2E27437AE58E}.AppStore|iPhoneSimulator.ActiveCfg = Debug|Any CPU
		{4C63C42C-64C7-49E8-9D6F-2E27437AE58E}.AppStore|iPhoneSimulator.Build.0 = Debug|Any CPU
		{4C63C42C-64C7-49E8-9D6F-2E27437AE58E}.Debug|Any CPU.ActiveCfg = Debug|Any CPU
		{4C63C42C-64C7-49E8-9D6F-2E27437AE58E}.Debug|Any CPU.Build.0 = Debug|Any CPU
		{4C63C42C-64C7-49E8-9D6F-2E27437AE58E}.Debug|iPhone.ActiveCfg = Debug|Any CPU
		{4C63C42C-64C7-49E8-9D6F-2E27437AE58E}.Debug|iPhone.Build.0 = Debug|Any CPU
		{4C63C42C-64C7-49E8-9D6F-2E27437AE58E}.Debug|iPhoneSimulator.ActiveCfg = Debug|Any CPU
		{4C63C42C-64C7-49E8-9D6F-2E27437AE58E}.Debug|iPhoneSimulator.Build.0 = Debug|Any CPU
		{4C63C42C-64C7-49E8-9D6F-2E27437AE58E}.Release|Any CPU.ActiveCfg = Release|Any CPU
		{4C63C42C-64C7-49E8-9D6F-2E27437AE58E}.Release|Any CPU.Build.0 = Release|Any CPU
		{4C63C42C-64C7-49E8-9D6F-2E27437AE58E}.Release|iPhone.ActiveCfg = Release|Any CPU
		{4C63C42C-64C7-49E8-9D6F-2E27437AE58E}.Release|iPhone.Build.0 = Release|Any CPU
		{4C63C42C-64C7-49E8-9D6F-2E27437AE58E}.Release|iPhoneSimulator.ActiveCfg = Release|Any CPU
		{4C63C42C-64C7-49E8-9D6F-2E27437AE58E}.Release|iPhoneSimulator.Build.0 = Release|Any CPU
	EndGlobalSection
	GlobalSection(SolutionProperties) = preSolution
		HideSolutionNode = FALSE
	EndGlobalSection
	GlobalSection(ExtensibilityGlobals) = postSolution
		SolutionGuid = {53818BF9-BF37-404D-94F3-257B48C60C7D}
	EndGlobalSection
EndGlobal
